
Microsoft Visual Studio Solution File, Format Version 12.00
# Visual Studio Version 16
VisualStudioVersion = 16.0.30204.135
MinimumVisualStudioVersion = 10.0.40219.1
Project("{FAE04EC0-301F-11D3-BF4B-00C04F79EFBC}") = "GreyHoundsRaces", "GreyHoundsRaces\GreyHoundsRaces.csproj", "{9E4E3326-606E-45C2-B3FB-8CF407404E9E}"
EndProject
Project("{FAE04EC0-301F-11D3-BF4B-00C04F79EFBC}") = "TestingGreyHoundsRacesGame", "TestingGreyHoundsRacesGame\TestingGreyHoundsRacesGame.csproj", "{62B3058C-8F36-4AC8-9533-4ADD74786D34}"
EndProject
Global
	GlobalSection(SolutionConfigurationPlatforms) = preSolution
		Debug|Any CPU = Debug|Any CPU
		Release|Any CPU = Release|Any CPU
	EndGlobalSection
	GlobalSection(ProjectConfigurationPlatforms) = postSolution
		{9E4E3326-606E-45C2-B3FB-8CF407404E9E}.Debug|Any CPU.ActiveCfg = Debug|Any CPU
		{9E4E3326-606E-45C2-B3FB-8CF407404E9E}.Debug|Any CPU.Build.0 = Debug|Any CPU
		{9E4E3326-606E-45C2-B3FB-8CF407404E9E}.Release|Any CPU.ActiveCfg = Release|Any CPU
		{9E4E3326-606E-45C2-B3FB-8CF407404E9E}.Release|Any CPU.Build.0 = Release|Any CPU
		{62B3058C-8F36-4AC8-9533-4ADD74786D34}.Debug|Any CPU.ActiveCfg = Debug|Any CPU
		{62B3058C-8F36-4AC8-9533-4ADD74786D34}.Debug|Any CPU.Build.0 = Debug|Any CPU
		{62B3058C-8F36-4AC8-9533-4ADD74786D34}.Release|Any CPU.ActiveCfg = Release|Any CPU
		{62B3058C-8F36-4AC8-9533-4ADD74786D34}.Release|Any CPU.Build.0 = Release|Any CPU
	EndGlobalSection
	GlobalSection(SolutionProperties) = preSolution
		HideSolutionNode = FALSE
	EndGlobalSection
	GlobalSection(ExtensibilityGlobals) = postSolution
		SolutionGuid = {E5E2B1CB-D34F-451F-9CBD-0185ACB2A1C9}
	EndGlobalSection
EndGlobal
